
Microsoft Visual Studio Solution File, Format Version 12.00
# Visual Studio Version 17
VisualStudioVersion = 17.0.31903.59
MinimumVisualStudioVersion = 10.0.40219.1
Project("{2150E333-8FDC-42A3-9474-1A3956D46DE8}") = "src", "src", "{827E0CD3-B72D-47B6-A68D-7590B98EB39B}"
EndProject
Project("{FAE04EC0-301F-11D3-BF4B-00C04F79EFBC}") = "Maf.Lab.Api", "src\Maf.Lab.Api\Maf.Lab.Api.csproj", "{AE01BC64-6D47-4EF7-9752-B08362C894AF}"
EndProject
Project("{FAE04EC0-301F-11D3-BF4B-00C04F79EFBC}") = "Maf.Lab.Domain", "src\Maf.Lab.Domain\Maf.Lab.Domain.csproj", "{981703C5-E0DC-4375-9D25-3E7CBCD280B3}"
EndProject
Project("{FAE04EC0-301F-11D3-BF4B-00C04F79EFBC}") = "Maf.Lab.Eval", "src\Maf.Lab.Eval\Maf.Lab.Eval.csproj", "{50161D7E-D098-4D0B-B381-D7C556818DF6}"
EndProject
Project("{FAE04EC0-301F-11D3-BF4B-00C04F79EFBC}") = "Maf.Lab.Retrieval", "src\Maf.Lab.Retrieval\Maf.Lab.Retrieval.csproj", "{49A523F7-2111-40FF-88E3-1363AE72A69D}"
EndProject
Project("{FAE04EC0-301F-11D3-BF4B-00C04F79EFBC}") = "Maf.Lab.Indexing", "src\Maf.Lab.Indexing\Maf.Lab.Indexing.csproj", "{2060583B-2CA0-40B2-A05D-F29C9B0E02F0}"
EndProject
Project("{2150E333-8FDC-42A3-9474-1A3956D46DE8}") = "tests", "tests", "{0AB3BF05-4346-4AA6-1389-037BE0695223}"
EndProject
Project("{FAE04EC0-301F-11D3-BF4B-00C04F79EFBC}") = "Maf.Lab.IntegrationTests", "tests\Maf.Lab.IntegrationTests\Maf.Lab.IntegrationTests.csproj", "{42C852C7-4D3F-491F-B2FC-6335ABABE247}"
EndProject
Project("{FAE04EC0-301F-11D3-BF4B-00C04F79EFBC}") = "Maf.Lab.Tests", "tests\Maf.Lab.Tests\Maf.Lab.Tests.csproj", "{A3E13087-B731-4C62-AC9F-555546DBD767}"
EndProject
Global
	GlobalSection(SolutionConfigurationPlatforms) = preSolution
		Debug|Any CPU = Debug|Any CPU
		Debug|x64 = Debug|x64
		Debug|x86 = Debug|x86
		Release|Any CPU = Release|Any CPU
		Release|x64 = Release|x64
		Release|x86 = Release|x86
	EndGlobalSection
	GlobalSection(ProjectConfigurationPlatforms) = postSolution
		{AE01BC64-6D47-4EF7-9752-B08362C894AF}.Debug|Any CPU.ActiveCfg = Debug|Any CPU
		{AE01BC64-6D47-4EF7-9752-B08362C894AF}.Debug|Any CPU.Build.0 = Debug|Any CPU
		{AE01BC64-6D47-4EF7-9752-B08362C894AF}.Debug|x64.ActiveCfg = Debug|Any CPU
		{AE01BC64-6D47-4EF7-9752-B08362C894AF}.Debug|x64.Build.0 = Debug|Any CPU
		{AE01BC64-6D47-4EF7-9752-B08362C894AF}.Debug|x86.ActiveCfg = Debug|Any CPU
		{AE01BC64-6D47-4EF7-9752-B08362C894AF}.Debug|x86.Build.0 = Debug|Any CPU
		{AE01BC64-6D47-4EF7-9752-B08362C894AF}.Release|Any CPU.ActiveCfg = Release|Any CPU
		{AE01BC64-6D47-4EF7-9752-B08362C894AF}.Release|Any CPU.Build.0 = Release|Any CPU
		{AE01BC64-6D47-4EF7-9752-B08362C894AF}.Release|x64.ActiveCfg = Release|Any CPU
		{AE01BC64-6D47-4EF7-9752-B08362C894AF}.Release|x64.Build.0 = Release|Any CPU
		{AE01BC64-6D47-4EF7-9752-B08362C894AF}.Release|x86.ActiveCfg = Release|Any CPU
		{AE01BC64-6D47-4EF7-9752-B08362C894AF}.Release|x86.Build.0 = Release|Any CPU
		{981703C5-E0DC-4375-9D25-3E7CBCD280B3}.Debug|Any CPU.ActiveCfg = Debug|Any CPU
		{981703C5-E0DC-4375-9D25-3E7CBCD280B3}.Debug|Any CPU.Build.0 = Debug|Any CPU
		{981703C5-E0DC-4375-9D25-3E7CBCD280B3}.Debug|x64.ActiveCfg = Debug|Any CPU
		{981703C5-E0DC-4375-9D25-3E7CBCD280B3}.Debug|x64.Build.0 = Debug|Any CPU
		{981703C5-E0DC-4375-9D25-3E7CBCD280B3}.Debug|x86.ActiveCfg = Debug|Any CPU
		{981703C5-E0DC-4375-9D25-3E7CBCD280B3}.Debug|x86.Build.0 = Debug|Any CPU
		{981703C5-E0DC-4375-9D25-3E7CBCD280B3}.Release|Any CPU.ActiveCfg = Release|Any CPU
		{981703C5-E0DC-4375-9D25-3E7CBCD280B3}.Release|Any CPU.Build.0 = Release|Any CPU
		{981703C5-E0DC-4375-9D25-3E7CBCD280B3}.Release|x64.ActiveCfg = Release|Any CPU
		{981703C5-E0DC-4375-9D25-3E7CBCD280B3}.Release|x64.Build.0 = Release|Any CPU
		{981703C5-E0DC-4375-9D25-3E7CBCD280B3}.Release|x86.ActiveCfg = Release|Any CPU
		{981703C5-E0DC-4375-9D25-3E7CBCD280B3}.Release|x86.Build.0 = Release|Any CPU
		{50161D7E-D098-4D0B-B381-D7C556818DF6}.Debug|Any CPU.ActiveCfg = Debug|Any CPU
		{50161D7E-D098-4D0B-B381-D7C556818DF6}.Debug|Any CPU.Build.0 = Debug|Any CPU
		{50161D7E-D098-4D0B-B381-D7C556818DF6}.Debug|x64.ActiveCfg = Debug|Any CPU
		{50161D7E-D098-4D0B-B381-D7C556818DF6}.Debug|x64.Build.0 = Debug|Any CPU
		{50161D7E-D098-4D0B-B381-D7C556818DF6}.Debug|x86.ActiveCfg = Debug|Any CPU
		{50161D7E-D098-4D0B-B381-D7C556818DF6}.Debug|x86.Build.0 = Debug|Any CPU
		{50161D7E-D098-4D0B-B381-D7C556818DF6}.Release|Any CPU.ActiveCfg = Release|Any CPU
		{50161D7E-D098-4D0B-B381-D7C556818DF6}.Release|Any CPU.Build.0 = Release|Any CPU
		{50161D7E-D098-4D0B-B381-D7C556818DF6}.Release|x64.ActiveCfg = Release|Any CPU
		{50161D7E-D098-4D0B-B381-D7C556818DF6}.Release|x64.Build.0 = Release|Any CPU
		{50161D7E-D098-4D0B-B381-D7C556818DF6}.Release|x86.ActiveCfg = Release|Any CPU
		{50161D7E-D098-4D0B-B381-D7C556818DF6}.Release|x86.Build.0 = Release|Any CPU
		{49A523F7-2111-40FF-88E3-1363AE72A69D}.Debug|Any CPU.ActiveCfg = Debug|Any CPU
		{49A523F7-2111-40FF-88E3-1363AE72A69D}.Debug|Any CPU.Build.0 = Debug|Any CPU
		{49A523F7-2111-40FF-88E3-1363AE72A69D}.Debug|x64.ActiveCfg = Debug|Any CPU
		{49A523F7-2111-40FF-88E3-1363AE72A69D}.Debug|x64.Build.0 = Debug|Any CPU
		{49A523F7-2111-40FF-88E3-1363AE72A69D}.Debug|x86.ActiveCfg = Debug|Any CPU
		{49A523F7-2111-40FF-88E3-1363AE72A69D}.Debug|x86.Build.0 = Debug|Any CPU
		{49A523F7-2111-40FF-88E3-1363AE72A69D}.Release|Any CPU.ActiveCfg = Release|Any CPU
		{49A523F7-2111-40FF-88E3-1363AE72A69D}.Release|Any CPU.Build.0 = Release|Any CPU
		{49A523F7-2111-40FF-88E3-1363AE72A69D}.Release|x64.ActiveCfg = Release|Any CPU
		{49A523F7-2111-40FF-88E3-1363AE72A69D}.Release|x64.Build.0 = Release|Any CPU
		{49A523F7-2111-40FF-88E3-1363AE72A69D}.Release|x86.ActiveCfg = Release|Any CPU
		{49A523F7-2111-40FF-88E3-1363AE72A69D}.Release|x86.Build.0 = Release|Any CPU
		{2060583B-2CA0-40B2-A05D-F29C9B0E02F0}.Debug|Any CPU.ActiveCfg = Debug|Any CPU
		{2060583B-2CA0-40B2-A05D-F29C9B0E02F0}.Debug|Any CPU.Build.0 = Debug|Any CPU
		{2060583B-2CA0-40B2-A05D-F29C9B0E02F0}.Debug|x64.ActiveCfg = Debug|Any CPU
		{2060583B-2CA0-40B2-A05D-F29C9B0E02F0}.Debug|x64.Build.0 = Debug|Any CPU
		{2060583B-2CA0-40B2-A05D-F29C9B0E02F0}.Debug|x86.ActiveCfg = Debug|Any CPU
		{2060583B-2CA0-40B2-A05D-F29C9B0E02F0}.Debug|x86.Build.0 = Debug|Any CPU
		{2060583B-2CA0-40B2-A05D-F29C9B0E02F0}.Release|Any CPU.ActiveCfg = Release|Any CPU
		{2060583B-2CA0-40B2-A05D-F29C9B0E02F0}.Release|Any CPU.Build.0 = Release|Any CPU
		{2060583B-2CA0-40B2-A05D-F29C9B0E02F0}.Release|x64.ActiveCfg = Release|Any CPU
		{2060583B-2CA0-40B2-A05D-F29C9B0E02F0}.Release|x64.Build.0 = Release|Any CPU
		{2060583B-2CA0-40B2-A05D-F29C9B0E02F0}.Release|x86.ActiveCfg = Release|Any CPU
		{2060583B-2CA0-40B2-A05D-F29C9B0E02F0}.Release|x86.Build.0 = Release|Any CPU
		{42C852C7-4D3F-491F-B2FC-6335ABABE247}.Debug|Any CPU.ActiveCfg = Debug|Any CPU
		{42C852C7-4D3F-491F-B2FC-6335ABABE247}.Debug|Any CPU.Build.0 = Debug|Any CPU
		{42C852C7-4D3F-491F-B2FC-6335ABABE247}.Debug|x64.ActiveCfg = Debug|Any CPU
		{42C852C7-4D3F-491F-B2FC-6335ABABE247}.Debug|x64.Build.0 = Debug|Any CPU
		{42C852C7-4D3F-491F-B2FC-6335ABABE247}.Debug|x86.ActiveCfg = Debug|Any CPU
		{42C852C7-4D3F-491F-B2FC-6335ABABE247}.Debug|x86.Build.0 = Debug|Any CPU
		{42C852C7-4D3F-491F-B2FC-6335ABABE247}.Release|Any CPU.ActiveCfg = Release|Any CPU
		{42C852C7-4D3F-491F-B2FC-6335ABABE247}.Release|Any CPU.Build.0 = Release|Any CPU
		{42C852C7-4D3F-491F-B2FC-6335ABABE247}.Release|x64.ActiveCfg = Release|Any CPU
		{42C852C7-4D3F-491F-B2FC-6335ABABE247}.Release|x64.Build.0 = Release|Any CPU
		{42C852C7-4D3F-491F-B2FC-6335ABABE247}.Release|x86.ActiveCfg = Release|Any CPU
		{42C852C7-4D3F-491F-B2FC-6335ABABE247}.Release|x86.Build.0 = Release|Any CPU
		{A3E13087-B731-4C62-AC9F-555546DBD767}.Debug|Any CPU.ActiveCfg = Debug|Any CPU
		{A3E13087-B731-4C62-AC9F-555546DBD767}.Debug|Any CPU.Build.0 = Debug|Any CPU
		{A3E13087-B731-4C62-AC9F-555546DBD767}.Debug|x64.ActiveCfg = Debug|Any CPU
		{A3E13087-B731-4C62-AC9F-555546DBD767}.Debug|x64.Build.0 = Debug|Any CPU
		{A3E13087-B731-4C62-AC9F-555546DBD767}.Debug|x86.ActiveCfg = Debug|Any CPU
		{A3E13087-B731-4C62-AC9F-555546DBD767}.Debug|x86.Build.0 = Debug|Any CPU
		{A3E13087-B731-4C62-AC9F-555546DBD767}.Release|Any CPU.ActiveCfg = Release|Any CPU
		{A3E13087-B731-4C62-AC9F-555546DBD767}.Release|Any CPU.Build.0 = Release|Any CPU
		{A3E13087-B731-4C62-AC9F-555546DBD767}.Release|x64.ActiveCfg = Release|Any CPU
		{A3E13087-B731-4C62-AC9F-555546DBD767}.Release|x64.Build.0 = Release|Any CPU
		{A3E13087-B731-4C62-AC9F-555546DBD767}.Release|x86.ActiveCfg = Release|Any CPU
		{A3E13087-B731-4C62-AC9F-555546DBD767}.Release|x86.Build.0 = Release|Any CPU
	EndGlobalSection
	GlobalSection(SolutionProperties) = preSolution
		HideSolutionNode = FALSE
	EndGlobalSection
	GlobalSection(NestedProjects) = preSolution
		{AE01BC64-6D47-4EF7-9752-B08362C894AF} = {827E0CD3-B72D-47B6-A68D-7590B98EB39B}
		{981703C5-E0DC-4375-9D25-3E7CBCD280B3} = {827E0CD3-B72D-47B6-A68D-7590B98EB39B}
		{50161D7E-D098-4D0B-B381-D7C556818DF6} = {827E0CD3-B72D-47B6-A68D-7590B98EB39B}
		{49A523F7-2111-40FF-88E3-1363AE72A69D} = {827E0CD3-B72D-47B6-A68D-7590B98EB39B}
		{2060583B-2CA0-40B2-A05D-F29C9B0E02F0} = {827E0CD3-B72D-47B6-A68D-7590B98EB39B}
		{42C852C7-4D3F-491F-B2FC-6335ABABE247} = {0AB3BF05-4346-4AA6-1389-037BE0695223}
		{A3E13087-B731-4C62-AC9F-555546DBD767} = {0AB3BF05-4346-4AA6-1389-037BE0695223}
	EndGlobalSection
EndGlobal
